
Microsoft Visual Studio Solution File, Format Version 12.00
# Visual Studio Version 17
VisualStudioVersion = 17.11.35222.181
MinimumVisualStudioVersion = 10.0.40219.1
Project("{FAE04EC0-301F-11D3-BF4B-00C04F79EFBC}") = "ToDoListApp", "ToDoListApp\ToDoListApp.csproj", "{CD266D61-E4E1-49B8-8E87-B84CDD52E5D7}"
EndProject
Project("{FAE04EC0-301F-11D3-BF4B-00C04F79EFBC}") = "UnitTest", "UnitTest\UnitTest.csproj", "{DCD139D0-496D-4B07-A866-843569E14E94}"
EndProject
Global
	GlobalSection(SolutionConfigurationPlatforms) = preSolution
		Debug|Any CPU = Debug|Any CPU
		Release|Any CPU = Release|Any CPU
	EndGlobalSection
	GlobalSection(ProjectConfigurationPlatforms) = postSolution
		{CD266D61-E4E1-49B8-8E87-B84CDD52E5D7}.Debug|Any CPU.ActiveCfg = Debug|Any CPU
		{CD266D61-E4E1-49B8-8E87-B84CDD52E5D7}.Debug|Any CPU.Build.0 = Debug|Any CPU
		{CD266D61-E4E1-49B8-8E87-B84CDD52E5D7}.Release|Any CPU.ActiveCfg = Release|Any CPU
		{CD266D61-E4E1-49B8-8E87-B84CDD52E5D7}.Release|Any CPU.Build.0 = Release|Any CPU
		{DCD139D0-496D-4B07-A866-843569E14E94}.Debug|Any CPU.ActiveCfg = Debug|Any CPU
		{DCD139D0-496D-4B07-A866-843569E14E94}.Debug|Any CPU.Build.0 = Debug|Any CPU
		{DCD139D0-496D-4B07-A866-843569E14E94}.Release|Any CPU.ActiveCfg = Release|Any CPU
		{DCD139D0-496D-4B07-A866-843569E14E94}.Release|Any CPU.Build.0 = Release|Any CPU
	EndGlobalSection
	GlobalSection(SolutionProperties) = preSolution
		HideSolutionNode = FALSE
	EndGlobalSection
	GlobalSection(ExtensibilityGlobals) = postSolution
		SolutionGuid = {AD493619-FBE5-4194-AC4A-8842F17B2EB9}
	EndGlobalSection
EndGlobal
